
Microsoft Visual Studio Solution File, Format Version 12.00
# Visual Studio 14
VisualStudioVersion = 14.0.25123.0
MinimumVisualStudioVersion = 10.0.40219.1
Project("{FAE04EC0-301F-11D3-BF4B-00C04F79EFBC}") = "NBC", "NBC\NBC.csproj", "{952B11CE-832D-40A3-8CE7-7130D5E026AA}"
EndProject
Project("{FAE04EC0-301F-11D3-BF4B-00C04F79EFBC}") = "NBC.Models", "NBC.Models\NBC.Models.csproj", "{D210DCCC-20E2-4E17-8124-54ABCD702B24}"
EndProject
Project("{FAE04EC0-301F-11D3-BF4B-00C04F79EFBC}") = "NBC.Services", "NBC.Services\NBC.Services.csproj", "{403DAAF9-93FC-4E43-9F9A-8DC860A852A5}"
EndProject
Project("{FAE04EC0-301F-11D3-BF4B-00C04F79EFBC}") = "NBC.DataAccess", "NBC.DataAccess\NBC.DataAccess.csproj", "{5B6E2D84-BBD3-453B-A6C4-E460A1625753}"
EndProject
Project("{FAE04EC0-301F-11D3-BF4B-00C04F79EFBC}") = "NBC.Facts", "NBC.Facts\NBC.Facts.csproj", "{BE34085C-E7F4-46D3-96C6-4A840ACDBC62}"
EndProject
Project("{F2A71F9B-5D33-465A-A702-920D77279786}") = "NBC.UITests", "NBC.UITests\NBC.UITests.fsproj", "{D9090D16-CF87-4C11-BA91-32FB7B9EE7CC}"
EndProject
Global
	GlobalSection(SolutionConfigurationPlatforms) = preSolution
		Debug|Any CPU = Debug|Any CPU
		Release|Any CPU = Release|Any CPU
	EndGlobalSection
	GlobalSection(ProjectConfigurationPlatforms) = postSolution
		{952B11CE-832D-40A3-8CE7-7130D5E026AA}.Debug|Any CPU.ActiveCfg = Debug|Any CPU
		{952B11CE-832D-40A3-8CE7-7130D5E026AA}.Debug|Any CPU.Build.0 = Debug|Any CPU
		{952B11CE-832D-40A3-8CE7-7130D5E026AA}.Release|Any CPU.ActiveCfg = Release|Any CPU
		{952B11CE-832D-40A3-8CE7-7130D5E026AA}.Release|Any CPU.Build.0 = Release|Any CPU
		{D210DCCC-20E2-4E17-8124-54ABCD702B24}.Debug|Any CPU.ActiveCfg = Debug|Any CPU
		{D210DCCC-20E2-4E17-8124-54ABCD702B24}.Debug|Any CPU.Build.0 = Debug|Any CPU
		{D210DCCC-20E2-4E17-8124-54ABCD702B24}.Release|Any CPU.ActiveCfg = Release|Any CPU
		{D210DCCC-20E2-4E17-8124-54ABCD702B24}.Release|Any CPU.Build.0 = Release|Any CPU
		{403DAAF9-93FC-4E43-9F9A-8DC860A852A5}.Debug|Any CPU.ActiveCfg = Debug|Any CPU
		{403DAAF9-93FC-4E43-9F9A-8DC860A852A5}.Debug|Any CPU.Build.0 = Debug|Any CPU
		{403DAAF9-93FC-4E43-9F9A-8DC860A852A5}.Release|Any CPU.ActiveCfg = Release|Any CPU
		{403DAAF9-93FC-4E43-9F9A-8DC860A852A5}.Release|Any CPU.Build.0 = Release|Any CPU
		{5B6E2D84-BBD3-453B-A6C4-E460A1625753}.Debug|Any CPU.ActiveCfg = Debug|Any CPU
		{5B6E2D84-BBD3-453B-A6C4-E460A1625753}.Debug|Any CPU.Build.0 = Debug|Any CPU
		{5B6E2D84-BBD3-453B-A6C4-E460A1625753}.Release|Any CPU.ActiveCfg = Release|Any CPU
		{5B6E2D84-BBD3-453B-A6C4-E460A1625753}.Release|Any CPU.Build.0 = Release|Any CPU
		{BE34085C-E7F4-46D3-96C6-4A840ACDBC62}.Debug|Any CPU.ActiveCfg = Debug|Any CPU
		{BE34085C-E7F4-46D3-96C6-4A840ACDBC62}.Debug|Any CPU.Build.0 = Debug|Any CPU
		{BE34085C-E7F4-46D3-96C6-4A840ACDBC62}.Release|Any CPU.ActiveCfg = Release|Any CPU
		{BE34085C-E7F4-46D3-96C6-4A840ACDBC62}.Release|Any CPU.Build.0 = Release|Any CPU
		{D9090D16-CF87-4C11-BA91-32FB7B9EE7CC}.Debug|Any CPU.ActiveCfg = Debug|Any CPU
		{D9090D16-CF87-4C11-BA91-32FB7B9EE7CC}.Debug|Any CPU.Build.0 = Debug|Any CPU
		{D9090D16-CF87-4C11-BA91-32FB7B9EE7CC}.Release|Any CPU.ActiveCfg = Release|Any CPU
		{D9090D16-CF87-4C11-BA91-32FB7B9EE7CC}.Release|Any CPU.Build.0 = Release|Any CPU
	EndGlobalSection
	GlobalSection(SolutionProperties) = preSolution
		HideSolutionNode = FALSE
	EndGlobalSection
EndGlobal
